
Microsoft Visual Studio Solution File, Format Version 12.00
# Visual Studio 2013
VisualStudioVersion = 12.0.30501.0
MinimumVisualStudioVersion = 10.0.40219.1
Project("{8BC9CEB8-8B4A-11D0-8D11-00A0C91BC942}") = "MovingAvgFunc", "MovingAvgFunc\MovingAvgFunc.vcxproj", "{942FE612-E2B5-4B50-A35C-5233A1AC1E5C}"
EndProject
Project("{8BC9CEB8-8B4A-11D0-8D11-00A0C91BC942}") = "MovingAvgObj", "MovingAvgObj\MovingAvgObj.vcxproj", "{116CA098-58DA-412B-8FD9-F275BB47E0CA}"
EndProject
Project("{8BC9CEB8-8B4A-11D0-8D11-00A0C91BC942}") = "SimpleXml", "SimpleXml\SimpleXml.vcxproj", "{7D636049-763F-4499-8ED0-49D912C3B322}"
EndProject
Project("{8BC9CEB8-8B4A-11D0-8D11-00A0C91BC942}") = "AbstractFactory", "AbstractFactory\AbstractFactory.vcxproj", "{784659B7-7A3C-4EBF-8EA5-1CC0FA9B66E4}"
EndProject
Project("{8BC9CEB8-8B4A-11D0-8D11-00A0C91BC942}") = "Builder", "Builder\Builder.vcxproj", "{2EDBF98E-2425-4E58-BDE2-B92D2E63EAAF}"
EndProject
Project("{8BC9CEB8-8B4A-11D0-8D11-00A0C91BC942}") = "ServiceManager", "ServiceManager\ServiceManager.vcxproj", "{7918B969-F1E0-4323-BD15-4C86784E2C37}"
EndProject
Global
	GlobalSection(SolutionConfigurationPlatforms) = preSolution
		Debug|Win32 = Debug|Win32
		Release|Win32 = Release|Win32
	EndGlobalSection
	GlobalSection(ProjectConfigurationPlatforms) = postSolution
		{942FE612-E2B5-4B50-A35C-5233A1AC1E5C}.Debug|Win32.ActiveCfg = Debug|Win32
		{942FE612-E2B5-4B50-A35C-5233A1AC1E5C}.Debug|Win32.Build.0 = Debug|Win32
		{942FE612-E2B5-4B50-A35C-5233A1AC1E5C}.Release|Win32.ActiveCfg = Release|Win32
		{942FE612-E2B5-4B50-A35C-5233A1AC1E5C}.Release|Win32.Build.0 = Release|Win32
		{116CA098-58DA-412B-8FD9-F275BB47E0CA}.Debug|Win32.ActiveCfg = Debug|Win32
		{116CA098-58DA-412B-8FD9-F275BB47E0CA}.Debug|Win32.Build.0 = Debug|Win32
		{116CA098-58DA-412B-8FD9-F275BB47E0CA}.Release|Win32.ActiveCfg = Release|Win32
		{116CA098-58DA-412B-8FD9-F275BB47E0CA}.Release|Win32.Build.0 = Release|Win32
		{7D636049-763F-4499-8ED0-49D912C3B322}.Debug|Win32.ActiveCfg = Debug|Win32
		{7D636049-763F-4499-8ED0-49D912C3B322}.Debug|Win32.Build.0 = Debug|Win32
		{7D636049-763F-4499-8ED0-49D912C3B322}.Release|Win32.ActiveCfg = Release|Win32
		{7D636049-763F-4499-8ED0-49D912C3B322}.Release|Win32.Build.0 = Release|Win32
		{784659B7-7A3C-4EBF-8EA5-1CC0FA9B66E4}.Debug|Win32.ActiveCfg = Debug|Win32
		{784659B7-7A3C-4EBF-8EA5-1CC0FA9B66E4}.Debug|Win32.Build.0 = Debug|Win32
		{784659B7-7A3C-4EBF-8EA5-1CC0FA9B66E4}.Release|Win32.ActiveCfg = Release|Win32
		{784659B7-7A3C-4EBF-8EA5-1CC0FA9B66E4}.Release|Win32.Build.0 = Release|Win32
		{2EDBF98E-2425-4E58-BDE2-B92D2E63EAAF}.Debug|Win32.ActiveCfg = Debug|Win32
		{2EDBF98E-2425-4E58-BDE2-B92D2E63EAAF}.Debug|Win32.Build.0 = Debug|Win32
		{2EDBF98E-2425-4E58-BDE2-B92D2E63EAAF}.Release|Win32.ActiveCfg = Release|Win32
		{2EDBF98E-2425-4E58-BDE2-B92D2E63EAAF}.Release|Win32.Build.0 = Release|Win32
		{7918B969-F1E0-4323-BD15-4C86784E2C37}.Debug|Win32.ActiveCfg = Debug|Win32
		{7918B969-F1E0-4323-BD15-4C86784E2C37}.Debug|Win32.Build.0 = Debug|Win32
		{7918B969-F1E0-4323-BD15-4C86784E2C37}.Release|Win32.ActiveCfg = Release|Win32
		{7918B969-F1E0-4323-BD15-4C86784E2C37}.Release|Win32.Build.0 = Release|Win32
	EndGlobalSection
	GlobalSection(SolutionProperties) = preSolution
		HideSolutionNode = FALSE
	EndGlobalSection
EndGlobal
